schema: '2.0'
stages:
  validate_raw:
    cmd: python -m src.validate --stage raw
    deps:
    - path: data/raw/hotel_bookings.csv
      hash: md5
      md5: 5bf588c5a949443e021fb7c847d31b27
      size: 16855599
    - path: src/ingest.py
      hash: md5
      md5: f7373250157ef51524253dd09bd74878
      size: 1651
    - path: src/validate.py
      hash: md5
      md5: 2a5f002a13c17d30ac3b8ce019f4765d
      size: 6294
    outs:
    - path: reports_data/validation_raw.json
      hash: md5
      md5: 66f69296416507c013e301e3f45ab6f7
      size: 488
  preprocess:
    cmd: python -m src.preprocess
    deps:
    - path: data/raw/hotel_bookings.csv
      hash: md5
      md5: 5bf588c5a949443e021fb7c847d31b27
      size: 16855599
    - path: src/ingest.py
      hash: md5
      md5: f7373250157ef51524253dd09bd74878
      size: 1651
    - path: src/preprocess.py
      hash: md5
      md5: f2acc6c1ac6dbb11480a6ae974f4bbab
      size: 5068
    - path: src/utils.py
      hash: md5
      md5: a6370d89d60de47525666e1af690856c
      size: 868
    - path: src/validate.py
      hash: md5
      md5: 2a5f002a13c17d30ac3b8ce019f4765d
      size: 6294
    params:
      params.yaml:
        preprocess:
          adr_cap_quantile: 0.995
          top_n_countries: 10
        seed: 42
    outs:
    - path: data/processed/hotel_bookings_clean.csv
      hash: md5
      md5: 0bd1d2070641efd38a0d1f526532b8da
      size: 12824648
    - path: reports_data/preprocess_log.json
      hash: md5
      md5: 8caad3f8b245d46685e60ff6d1557ac0
      size: 421
  validate_clean:
    cmd: python -m src.validate --stage clean
    deps:
    - path: data/processed/hotel_bookings_clean.csv
      hash: md5
      md5: 0bd1d2070641efd38a0d1f526532b8da
      size: 12824648
    - path: src/validate.py
      hash: md5
      md5: 2a5f002a13c17d30ac3b8ce019f4765d
      size: 6294
    outs:
    - path: reports_data/validation_clean.json
      hash: md5
      md5: f802010cc2fb86ba0cdc7d57e3672325
      size: 148
